
Microsoft Visual Studio Solution File, Format Version 12.00
# Visual Studio Version 16
VisualStudioVersion = 16.0.30413.136
MinimumVisualStudioVersion = 10.0.40219.1
Project("{9092AA53-FB77-4645-B42D-1CCCA6BD08BD}") = "VuejsApp_todoList", "VuejsApp_todoList\VuejsApp_todoList.njsproj", "{2DDC781A-C6DC-4D5B-B479-A75DA1D35662}"
EndProject
Global
	GlobalSection(SolutionConfigurationPlatforms) = preSolution
		Debug|Any CPU = Debug|Any CPU
		Release|Any CPU = Release|Any CPU
	EndGlobalSection
	GlobalSection(ProjectConfigurationPlatforms) = postSolution
		{2DDC781A-C6DC-4D5B-B479-A75DA1D35662}.Debug|Any CPU.ActiveCfg = Debug|Any CPU
		{2DDC781A-C6DC-4D5B-B479-A75DA1D35662}.Debug|Any CPU.Build.0 = Debug|Any CPU
		{2DDC781A-C6DC-4D5B-B479-A75DA1D35662}.Release|Any CPU.ActiveCfg = Release|Any CPU
		{2DDC781A-C6DC-4D5B-B479-A75DA1D35662}.Release|Any CPU.Build.0 = Release|Any CPU
	EndGlobalSection
	GlobalSection(SolutionProperties) = preSolution
		HideSolutionNode = FALSE
	EndGlobalSection
	GlobalSection(ExtensibilityGlobals) = postSolution
		SolutionGuid = {596052CD-E53C-4DB0-8335-33B6D0D4069B}
	EndGlobalSection
EndGlobal
